
Microsoft Visual Studio Solution File, Format Version 12.00
# Visual Studio 2015
Project("{FAE04EC0-301F-11D3-BF4B-00C04F79EFBC}") = "Another Stream.CSharp", "Another Stream.CSharp.csproj", "{B53C93E0-CA16-5EF1-9FD7-E260D7A86A57}"
EndProject
Project("{FAE04EC0-301F-11D3-BF4B-00C04F79EFBC}") = "Another Stream.CSharp.Editor", "Another Stream.CSharp.Editor.csproj", "{8D4545FA-EB50-02EB-FF13-7831BA856AF1}"
EndProject
Global
	GlobalSection(SolutionConfigurationPlatforms) = preSolution
		Debug|Any CPU = Debug|Any CPU
		Release|Any CPU = Release|Any CPU
	EndGlobalSection
	GlobalSection(ProjectConfigurationPlatforms) = postSolution
		{B53C93E0-CA16-5EF1-9FD7-E260D7A86A57}.Debug|Any CPU.ActiveCfg = Debug|Any CPU
		{B53C93E0-CA16-5EF1-9FD7-E260D7A86A57}.Debug|Any CPU.Build.0 = Debug|Any CPU
		{B53C93E0-CA16-5EF1-9FD7-E260D7A86A57}.Release|Any CPU.ActiveCfg = Release|Any CPU
		{B53C93E0-CA16-5EF1-9FD7-E260D7A86A57}.Release|Any CPU.Build.0 = Release|Any CPU
		{8D4545FA-EB50-02EB-FF13-7831BA856AF1}.Debug|Any CPU.ActiveCfg = Debug|Any CPU
		{8D4545FA-EB50-02EB-FF13-7831BA856AF1}.Debug|Any CPU.Build.0 = Debug|Any CPU
		{8D4545FA-EB50-02EB-FF13-7831BA856AF1}.Release|Any CPU.ActiveCfg = Release|Any CPU
		{8D4545FA-EB50-02EB-FF13-7831BA856AF1}.Release|Any CPU.Build.0 = Release|Any CPU
	EndGlobalSection
	GlobalSection(SolutionProperties) = preSolution
		HideSolutionNode = FALSE
	EndGlobalSection
EndGlobal
